
Microsoft Visual Studio Solution File, Format Version 12.00
# Visual Studio Version 17
VisualStudioVersion = 17.5.002.0
MinimumVisualStudioVersion = 10.0.40219.1
Project("{9A19103F-16F7-4668-BE54-9A1E7A4F7556}") = "CheckSuperPrime", "CheckSuperPrime.csproj", "{60B33C8A-EE27-457B-A3DF-B217EE8E6FCC}"
EndProject
Global
	GlobalSection(SolutionConfigurationPlatforms) = preSolution
		Debug|Any CPU = Debug|Any CPU
		Release|Any CPU = Release|Any CPU
	EndGlobalSection
	GlobalSection(ProjectConfigurationPlatforms) = postSolution
		{60B33C8A-EE27-457B-A3DF-B217EE8E6FCC}.Debug|Any CPU.ActiveCfg = Debug|Any CPU
		{60B33C8A-EE27-457B-A3DF-B217EE8E6FCC}.Debug|Any CPU.Build.0 = Debug|Any CPU
		{60B33C8A-EE27-457B-A3DF-B217EE8E6FCC}.Release|Any CPU.ActiveCfg = Release|Any CPU
		{60B33C8A-EE27-457B-A3DF-B217EE8E6FCC}.Release|Any CPU.Build.0 = Release|Any CPU
	EndGlobalSection
	GlobalSection(SolutionProperties) = preSolution
		HideSolutionNode = FALSE
	EndGlobalSection
	GlobalSection(ExtensibilityGlobals) = postSolution
		SolutionGuid = {1C060814-3EDD-4802-A8BE-510BB3F9CA59}
	EndGlobalSection
EndGlobal
